{
  "name": "ActiveDirectory",
  "version": "1.0.0",
  "lockfileVersion": 3,
  "requires": true,
  "packages": {
    "": {
      "name": "ActiveDirectory",
      "version": "1.0.0",
      "dependencies": {
        "ldapts": "8.1.8"
      }
    },
    "node_modules/ldapts": {
      "version": "8.1.8",
      "resolved": "https://registry.npmjs.org/ldapts/-/ldapts-8.1.8.tgz",
      "integrity": "sha512-Wpdvo+/0DREIynYf2he2efHtjptr5zD7dpesSkZWJqfQdMEgSTytEIsSZVuoDSiiE1+SpXf3emZ7ewxGBTo7Pw==",
      "license": "MIT",
      "dependencies": {
        "strict-event-emitter-types": "2.0.0"
      },
      "engines": {
        "node": ">=20"
      }
    },
    "node_modules/strict-event-emitter-types": {
      "version": "2.0.0",
      "resolved": "https://registry.npmjs.org/strict-event-emitter-types/-/strict-event-emitter-types-2.0.0.tgz",
      "integrity": "sha512-Nk/brWYpD85WlOgzw5h173aci0Teyv8YdIAEtV+N88nDB0dLlazZyJMIsN6eo1/AR61l+p6CJTG1JIyFaoNEEA==",
      "license": "ISC"
    }
  }
}
